// !$*UTF8*$!
{
	archiveVersion = 1;
	classes = {
	};
	objectVersion = 45;
	objects = {

/* Begin PBXAggregateTarget section */
		03735EB0152D59D30074BEE6 /* All */ = {
			isa = PBXAggregateTarget;
			buildConfigurationList = 03735EC7152D5A1D0074BEE6 /* Build configuration list for PBXAggregateTarget "All" */;
			buildPhases = (
			);
			dependencies = (
				03735EB6152D59E50074BEE6 /* PBXTargetDependency */,
				03735EB8152D59E80074BEE6 /* PBXTargetDependency */,
			);
			name = All;
			productName = All;
		};
/* End PBXAggregateTarget section */

/* Begin PBXBuildFile section */
		03735E5E152D54B10074BEE6 /* lvm2_device.h in Headers */ = {isa = PBXBuildFile; fileRef = 03735E5D152D54B10074BEE6 /* lvm2_device.h */; };
		037360BD152EFA930074BEE6 /* lvm2_endians.h in Headers */ = {isa = PBXBuildFile; fileRef = 037360BC152EFA930074BEE6 /* lvm2_endians.h */; };
		0373F6971519973200713D63 /* lvm2_text.h in Headers */ = {isa = PBXBuildFile; fileRef = 0373F6951519973200713D63 /* lvm2_text.h */; };
		0373F6981519973200713D63 /* lvm2_text.c in Sources */ = {isa = PBXBuildFile; fileRef = 0373F6961519973200713D63 /* lvm2_text.c */; };
		0373F69D15199B1F00713D63 /* lvm2_types.h in Headers */ = {isa = PBXBuildFile; fileRef = 0373F69C15199B1F00713D63 /* lvm2_types.h */; };
		0373F6F41519A31100713D63 /* lvm2_osal.h in Headers */ = {isa = PBXBuildFile; fileRef = 0373F6F21519A31100713D63 /* lvm2_osal.h */; };
		0373F6F51519A31100713D63 /* lvm2_osal_iokit.cpp in Sources */ = {isa = PBXBuildFile; fileRef = 0373F6F31519A31100713D63 /* lvm2_osal_iokit.cpp */; };
		0373F7541519B5BC00713D63 /* lvm2_osal_unix.c in Sources */ = {isa = PBXBuildFile; fileRef = 0373F7511519B59000713D63 /* lvm2_osal_unix.c */; };
		0373F7551519B5C000713D63 /* LVMTest.c in Sources */ = {isa = PBXBuildFile; fileRef = 0373F74D1519B56900713D63 /* LVMTest.c */; };
		0373F7561519B5D400713D63 /* lvm2_text.c in Sources */ = {isa = PBXBuildFile; fileRef = 0373F6961519973200713D63 /* lvm2_text.c */; };
		0373F7641519B83800713D63 /* lvm2_log.h in Headers */ = {isa = PBXBuildFile; fileRef = 0373F7631519B83800713D63 /* lvm2_log.h */; };
		0373F7AD1519C8D800713D63 /* lvm2_osal_iokit.h in Headers */ = {isa = PBXBuildFile; fileRef = 0373F7AC1519C8D800713D63 /* lvm2_osal_iokit.h */; };
		0373F7AF1519C94B00713D63 /* lvm2_osal_unix.h in Headers */ = {isa = PBXBuildFile; fileRef = 0373F7AE1519C94B00713D63 /* lvm2_osal_unix.h */; };
		03AED63A1517A2F500858A3A /* lvm2_layout.h in Headers */ = {isa = PBXBuildFile; fileRef = 03AED6391517A2F500858A3A /* lvm2_layout.h */; };
		03E1EC5815302AB3005EAF8A /* kext_main.c in Sources */ = {isa = PBXBuildFile; fileRef = 03E1EC5615302AB3005EAF8A /* kext_main.c */; };
		32D94FC60562CBF700B6AF17 /* IOLVMPartitionScheme.h in Headers */ = {isa = PBXBuildFile; fileRef = 1A224C3EFF42367911CA2CB7 /* IOLVMPartitionScheme.h */; };
		32D94FC80562CBF700B6AF17 /* InfoPlist.strings in Resources */ = {isa = PBXBuildFile; fileRef = 089C167DFE841241C02AAC07 /* InfoPlist.strings */; };
		32D94FCA0562CBF700B6AF17 /* IOLVMPartitionScheme.cpp in Sources */ = {isa = PBXBuildFile; fileRef = 1A224C3FFF42367911CA2CB7 /* IOLVMPartitionScheme.cpp */; settings = {ATTRIBUTES = (); }; };
/* End PBXBuildFile section */

/* Begin PBXContainerItemProxy section */
		03735EB5152D59E50074BEE6 /* PBXContainerItemProxy */ = {
			isa = PBXContainerItemProxy;
			containerPortal = 089C1669FE841209C02AAC07 /* Project object */;
			proxyType = 1;
			remoteGlobalIDString = 32D94FC30562CBF700B6AF17 /* IOLVMPartitionScheme */;
			remoteInfo = IOLVMPartitionScheme;
		};
		03735EB7152D59E80074BEE6 /* PBXContainerItemProxy */ = {
			isa = PBXContainerItemProxy;
			containerPortal = 089C1669FE841209C02AAC07 /* Project object */;
			proxyType = 1;
			remoteGlobalIDString = 0373F7431519B51900713D63 /* LVMTest */;
			remoteInfo = LVMTest;
		};
/* End PBXContainerItemProxy section */

/* Begin PBXFileReference section */
		03735E5D152D54B10074BEE6 /* lvm2_device.h */ = {isa = PBXFileReference; fileEncoding = 4; lastKnownFileType = sourcecode.c.h; name = lvm2_device.h; path = include/tlvm/lvm2_device.h; sourceTree = "<group>"; };
		037360BC152EFA930074BEE6 /* lvm2_endians.h */ = {isa = PBXFileReference; fileEncoding = 4; lastKnownFileType = sourcecode.c.h; name = lvm2_endians.h; path = include/tlvm/lvm2_endians.h; sourceTree = "<group>"; };
		0373F6951519973200713D63 /* lvm2_text.h */ = {isa = PBXFileReference; fileEncoding = 4; lastKnownFileType = sourcecode.c.h; name = lvm2_text.h; path = include/tlvm/lvm2_text.h; sourceTree = "<group>"; };
		0373F6961519973200713D63 /* lvm2_text.c */ = {isa = PBXFileReference; fileEncoding = 4; lastKnownFileType = sourcecode.c.c; name = lvm2_text.c; path = libtlvm/lvm2_text.c; sourceTree = "<group>"; };
		0373F69C15199B1F00713D63 /* lvm2_types.h */ = {isa = PBXFileReference; fileEncoding = 4; lastKnownFileType = sourcecode.c.h; name = lvm2_types.h; path = include/tlvm/lvm2_types.h; sourceTree = "<group>"; };
		0373F6F21519A31100713D63 /* lvm2_osal.h */ = {isa = PBXFileReference; fileEncoding = 4; lastKnownFileType = sourcecode.c.h; name = lvm2_osal.h; path = include/tlvm/lvm2_osal.h; sourceTree = "<group>"; };
		0373F6F31519A31100713D63 /* lvm2_osal_iokit.cpp */ = {isa = PBXFileReference; fileEncoding = 4; lastKnownFileType = sourcecode.cpp.cpp; name = lvm2_osal_iokit.cpp; path = kext/lvm2_osal_iokit.cpp; sourceTree = "<group>"; };
		0373F7441519B51900713D63 /* LVMTest */ = {isa = PBXFileReference; explicitFileType = "compiled.mach-o.executable"; includeInIndex = 0; path = LVMTest; sourceTree = BUILT_PRODUCTS_DIR; };
		0373F74D1519B56900713D63 /* LVMTest.c */ = {isa = PBXFileReference; fileEncoding = 4; lastKnownFileType = sourcecode.c.c; name = LVMTest.c; path = test/LVMTest.c; sourceTree = "<group>"; };
		0373F7511519B59000713D63 /* lvm2_osal_unix.c */ = {isa = PBXFileReference; fileEncoding = 4; lastKnownFileType = sourcecode.c.c; name = lvm2_osal_unix.c; path = test/lvm2_osal_unix.c; sourceTree = "<group>"; };
		0373F7631519B83800713D63 /* lvm2_log.h */ = {isa = PBXFileReference; fileEncoding = 4; lastKnownFileType = sourcecode.c.h; name = lvm2_log.h; path = include/tlvm/lvm2_log.h; sourceTree = "<group>"; };
		0373F7AC1519C8D800713D63 /* lvm2_osal_iokit.h */ = {isa = PBXFileReference; fileEncoding = 4; lastKnownFileType = sourcecode.c.h; name = lvm2_osal_iokit.h; path = kext/lvm2_osal_iokit.h; sourceTree = "<group>"; };
		0373F7AE1519C94B00713D63 /* lvm2_osal_unix.h */ = {isa = PBXFileReference; fileEncoding = 4; lastKnownFileType = sourcecode.c.h; name = lvm2_osal_unix.h; path = test/lvm2_osal_unix.h; sourceTree = "<group>"; };
		03AED6391517A2F500858A3A /* lvm2_layout.h */ = {isa = PBXFileReference; fileEncoding = 4; lastKnownFileType = sourcecode.c.h; name = lvm2_layout.h; path = include/tlvm/lvm2_layout.h; sourceTree = "<group>"; };
		03E1EC5615302AB3005EAF8A /* kext_main.c */ = {isa = PBXFileReference; fileEncoding = 4; lastKnownFileType = sourcecode.c.c; name = kext_main.c; path = kext/kext_main.c; sourceTree = "<group>"; };
		089C167EFE841241C02AAC07 /* English */ = {isa = PBXFileReference; fileEncoding = 4; lastKnownFileType = text.plist.strings; lineEnding = 0; name = English; path = English.lproj/InfoPlist.strings; sourceTree = "<group>"; };
		1A224C3EFF42367911CA2CB7 /* IOLVMPartitionScheme.h */ = {isa = PBXFileReference; fileEncoding = 4; lastKnownFileType = sourcecode.c.h; name = IOLVMPartitionScheme.h; path = kext/IOLVMPartitionScheme.h; sourceTree = "<group>"; };
		1A224C3FFF42367911CA2CB7 /* IOLVMPartitionScheme.cpp */ = {isa = PBXFileReference; fileEncoding = 4; lastKnownFileType = sourcecode.cpp.cpp; name = IOLVMPartitionScheme.cpp; path = kext/IOLVMPartitionScheme.cpp; sourceTree = "<group>"; };
		32D94FCF0562CBF700B6AF17 /* Info.plist */ = {isa = PBXFileReference; explicitFileType = text.xml; path = Info.plist; sourceTree = "<group>"; };
		32D94FD00562CBF700B6AF17 /* IOLVMPartitionScheme.kext */ = {isa = PBXFileReference; explicitFileType = wrapper.cfbundle; includeInIndex = 0; path = IOLVMPartitionScheme.kext; sourceTree = BUILT_PRODUCTS_DIR; };
		8DA8362C06AD9B9200E5AC22 /* Kernel.framework */ = {isa = PBXFileReference; lastKnownFileType = wrapper.framework; name = Kernel.framework; path = /System/Library/Frameworks/Kernel.framework; sourceTree = "<absolute>"; };
/* End PBXFileReference section */

/* Begin PBXFrameworksBuildPhase section */
		0373F7421519B51900713D63 /* Frameworks */ = {
			isa = PBXFrameworksBuildPhase;
			buildActionMask = 2147483647;
			files = (
			);
			runOnlyForDeploymentPostprocessing = 0;
		};
		32D94FCB0562CBF700B6AF17 /* Frameworks */ = {
			isa = PBXFrameworksBuildPhase;
			buildActionMask = 2147483647;
			files = (
			);
			runOnlyForDeploymentPostprocessing = 0;
		};
/* End PBXFrameworksBuildPhase section */

/* Begin PBXGroup section */
		0373F74A1519B54600713D63 /* Test */ = {
			isa = PBXGroup;
			children = (
				0373F74D1519B56900713D63 /* LVMTest.c */,
				0373F7AE1519C94B00713D63 /* lvm2_osal_unix.h */,
				0373F7511519B59000713D63 /* lvm2_osal_unix.c */,
			);
			name = Test;
			sourceTree = "<group>";
		};
		03AED6381517A2CF00858A3A /* libtlvm */ = {
			isa = PBXGroup;
			children = (
				03735E5D152D54B10074BEE6 /* lvm2_device.h */,
				037360BC152EFA930074BEE6 /* lvm2_endians.h */,
				03AED6391517A2F500858A3A /* lvm2_layout.h */,
				0373F7631519B83800713D63 /* lvm2_log.h */,
				0373F6F21519A31100713D63 /* lvm2_osal.h */,
				0373F6951519973200713D63 /* lvm2_text.h */,
				0373F6961519973200713D63 /* lvm2_text.c */,
				0373F69C15199B1F00713D63 /* lvm2_types.h */,
			);
			name = libtlvm;
			sourceTree = "<group>";
		};
		089C166AFE841209C02AAC07 /* IOLVMPartitionScheme */ = {
			isa = PBXGroup;
			children = (
				247142CAFF3F8F9811CA285C /* Source */,
				0373F74A1519B54600713D63 /* Test */,
				03AED6381517A2CF00858A3A /* libtlvm */,
				8DA8362C06AD9B9200E5AC22 /* Kernel.framework */,
				089C167CFE841241C02AAC07 /* Resources */,
				19C28FB6FE9D52B211CA2CBB /* Products */,
			);
			name = IOLVMPartitionScheme;
			sourceTree = "<group>";
		};
		089C167CFE841241C02AAC07 /* Resources */ = {
			isa = PBXGroup;
			children = (
				32D94FCF0562CBF700B6AF17 /* Info.plist */,
				089C167DFE841241C02AAC07 /* InfoPlist.strings */,
			);
			name = Resources;
			sourceTree = "<group>";
		};
		19C28FB6FE9D52B211CA2CBB /* Products */ = {
			isa = PBXGroup;
			children = (
				32D94FD00562CBF700B6AF17 /* IOLVMPartitionScheme.kext */,
				0373F7441519B51900713D63 /* LVMTest */,
			);
			name = Products;
			sourceTree = "<group>";
		};
		247142CAFF3F8F9811CA285C /* Source */ = {
			isa = PBXGroup;
			children = (
				1A224C3EFF42367911CA2CB7 /* IOLVMPartitionScheme.h */,
				1A224C3FFF42367911CA2CB7 /* IOLVMPartitionScheme.cpp */,
				03E1EC5615302AB3005EAF8A /* kext_main.c */,
				0373F7AC1519C8D800713D63 /* lvm2_osal_iokit.h */,
				0373F6F31519A31100713D63 /* lvm2_osal_iokit.cpp */,
			);
			name = Source;
			sourceTree = "<group>";
		};
/* End PBXGroup section */

/* Begin PBXHeadersBuildPhase section */
		32D94FC50562CBF700B6AF17 /* Headers */ = {
			isa = PBXHeadersBuildPhase;
			buildActionMask = 2147483647;
			files = (
				32D94FC60562CBF700B6AF17 /* IOLVMPartitionScheme.h in Headers */,
				03AED63A1517A2F500858A3A /* lvm2_layout.h in Headers */,
				0373F6971519973200713D63 /* lvm2_text.h in Headers */,
				0373F69D15199B1F00713D63 /* lvm2_types.h in Headers */,
				0373F6F41519A31100713D63 /* lvm2_osal.h in Headers */,
				0373F7641519B83800713D63 /* lvm2_log.h in Headers */,
				0373F7AD1519C8D800713D63 /* lvm2_osal_iokit.h in Headers */,
				0373F7AF1519C94B00713D63 /* lvm2_osal_unix.h in Headers */,
				03735E5E152D54B10074BEE6 /* lvm2_device.h in Headers */,
				037360BD152EFA930074BEE6 /* lvm2_endians.h in Headers */,
			);
			runOnlyForDeploymentPostprocessing = 0;
		};
/* End PBXHeadersBuildPhase section */

/* Begin PBXNativeTarget section */
		0373F7431519B51900713D63 /* LVMTest */ = {
			isa = PBXNativeTarget;
			buildConfigurationList = 0373F74B1519B54600713D63 /* Build configuration list for PBXNativeTarget "LVMTest" */;
			buildPhases = (
				0373F7411519B51900713D63 /* Sources */,
				0373F7421519B51900713D63 /* Frameworks */,
			);
			buildRules = (
			);
			dependencies = (
			);
			name = LVMTest;
			productName = LVMTest;
			productReference = 0373F7441519B51900713D63 /* LVMTest */;
			productType = "com.apple.product-type.tool";
		};
		32D94FC30562CBF700B6AF17 /* IOLVMPartitionScheme */ = {
			isa = PBXNativeTarget;
			buildConfigurationList = 1DEB91D908733DB10010E9CD /* Build configuration list for PBXNativeTarget "IOLVMPartitionScheme" */;
			buildPhases = (
				32D94FC50562CBF700B6AF17 /* Headers */,
				32D94FC70562CBF700B6AF17 /* Resources */,
				32D94FC90562CBF700B6AF17 /* Sources */,
				32D94FCB0562CBF700B6AF17 /* Frameworks */,
				32D94FCC0562CBF700B6AF17 /* Rez */,
			);
			buildRules = (
			);
			dependencies = (
			);
			name = IOLVMPartitionScheme;
			productInstallPath = "$(SYSTEM_LIBRARY_DIR)/Extensions";
			productName = IOLVMPartitionScheme;
			productReference = 32D94FD00562CBF700B6AF17 /* IOLVMPartitionScheme.kext */;
			productType = "com.apple.product-type.kernel-extension.iokit";
		};
/* End PBXNativeTarget section */

/* Begin PBXProject section */
		089C1669FE841209C02AAC07 /* Project object */ = {
			isa = PBXProject;
			buildConfigurationList = 1DEB91DD08733DB10010E9CD /* Build configuration list for PBXProject "IOLVMPartitionScheme" */;
			compatibilityVersion = "Xcode 3.1";
			developmentRegion = English;
			hasScannedForEncodings = 1;
			knownRegions = (
				English,
				Japanese,
				French,
				German,
			);
			mainGroup = 089C166AFE841209C02AAC07 /* IOLVMPartitionScheme */;
			projectDirPath = "";
			projectRoot = "";
			targets = (
				03735EB0152D59D30074BEE6 /* All */,
				32D94FC30562CBF700B6AF17 /* IOLVMPartitionScheme */,
				0373F7431519B51900713D63 /* LVMTest */,
			);
		};
/* End PBXProject section */

/* Begin PBXResourcesBuildPhase section */
		32D94FC70562CBF700B6AF17 /* Resources */ = {
			isa = PBXResourcesBuildPhase;
			buildActionMask = 2147483647;
			files = (
				32D94FC80562CBF700B6AF17 /* InfoPlist.strings in Resources */,
			);
			runOnlyForDeploymentPostprocessing = 0;
		};
/* End PBXResourcesBuildPhase section */

/* Begin PBXRezBuildPhase section */
		32D94FCC0562CBF700B6AF17 /* Rez */ = {
			isa = PBXRezBuildPhase;
			buildActionMask = 2147483647;
			files = (
			);
			runOnlyForDeploymentPostprocessing = 0;
		};
/* End PBXRezBuildPhase section */

/* Begin PBXSourcesBuildPhase section */
		0373F7411519B51900713D63 /* Sources */ = {
			isa = PBXSourcesBuildPhase;
			buildActionMask = 2147483647;
			files = (
				0373F7551519B5C000713D63 /* LVMTest.c in Sources */,
				0373F7561519B5D400713D63 /* lvm2_text.c in Sources */,
				0373F7541519B5BC00713D63 /* lvm2_osal_unix.c in Sources */,
			);
			runOnlyForDeploymentPostprocessing = 0;
		};
		32D94FC90562CBF700B6AF17 /* Sources */ = {
			isa = PBXSourcesBuildPhase;
			buildActionMask = 2147483647;
			files = (
				32D94FCA0562CBF700B6AF17 /* IOLVMPartitionScheme.cpp in Sources */,
				03E1EC5815302AB3005EAF8A /* kext_main.c in Sources */,
				0373F6981519973200713D63 /* lvm2_text.c in Sources */,
				0373F6F51519A31100713D63 /* lvm2_osal_iokit.cpp in Sources */,
			);
			runOnlyForDeploymentPostprocessing = 0;
		};
/* End PBXSourcesBuildPhase section */

/* Begin PBXTargetDependency section */
		03735EB6152D59E50074BEE6 /* PBXTargetDependency */ = {
			isa = PBXTargetDependency;
			target = 32D94FC30562CBF700B6AF17 /* IOLVMPartitionScheme */;
			targetProxy = 03735EB5152D59E50074BEE6 /* PBXContainerItemProxy */;
		};
		03735EB8152D59E80074BEE6 /* PBXTargetDependency */ = {
			isa = PBXTargetDependency;
			target = 0373F7431519B51900713D63 /* LVMTest */;
			targetProxy = 03735EB7152D59E80074BEE6 /* PBXContainerItemProxy */;
		};
/* End PBXTargetDependency section */

/* Begin PBXVariantGroup section */
		089C167DFE841241C02AAC07 /* InfoPlist.strings */ = {
			isa = PBXVariantGroup;
			children = (
				089C167EFE841241C02AAC07 /* English */,
			);
			name = InfoPlist.strings;
			sourceTree = "<group>";
		};
/* End PBXVariantGroup section */

/* Begin XCBuildConfiguration section */
		03272462151CE341004C9F99 /* Debug_64 */ = {
			isa = XCBuildConfiguration;
			buildSettings = {
				ARCHS = (
					i386,
					ppc,
				);
				GCC_C_LANGUAGE_STANDARD = gnu99;
				GCC_OPTIMIZATION_LEVEL = 0;
				GCC_PREPROCESSOR_DEFINITIONS = DEBUG;
				GCC_VERSION = 4.2;
				GCC_WARN_64_TO_32_BIT_CONVERSION = YES;
				GCC_WARN_ABOUT_MISSING_NEWLINE = YES;
				GCC_WARN_ABOUT_MISSING_PROTOTYPES = YES;
				GCC_WARN_ABOUT_RETURN_TYPE = YES;
				GCC_WARN_CHECK_SWITCH_STATEMENTS = YES;
				GCC_WARN_INITIALIZER_NOT_FULLY_BRACKETED = YES;
				GCC_WARN_MISSING_PARENTHESES = YES;
				GCC_WARN_SHADOW = YES;
				GCC_WARN_SIGN_COMPARE = YES;
				GCC_WARN_TYPECHECK_CALLS_TO_PRINTF = YES;
				GCC_WARN_UNUSED_FUNCTION = YES;
				GCC_WARN_UNUSED_LABEL = YES;
				GCC_WARN_UNUSED_PARAMETER = YES;
				GCC_WARN_UNUSED_VALUE = YES;
				GCC_WARN_UNUSED_VARIABLE = YES;
				ONLY_ACTIVE_ARCH = NO;
				PREBINDING = NO;
				SDKROOT = macosx10.5;
			};
			name = Debug_64;
		};
		03272463151CE341004C9F99 /* Debug_64 */ = {
			isa = XCBuildConfiguration;
			buildSettings = {
				ALWAYS_SEARCH_USER_PATHS = NO;
				ARCHS = (
					i386,
					x86_64,
					ppc,
				);
				COPY_PHASE_STRIP = NO;
				CURRENT_PROJECT_VERSION = 1.0.0d1;
				GCC_DYNAMIC_NO_PIC = NO;
				GCC_MODEL_TUNING = G5;
				GCC_OPTIMIZATION_LEVEL = 0;
				"GCC_VERSION[arch=x86_64]" = 4.2;
				INFOPLIST_FILE = Info.plist;
				INFOPLIST_PREPROCESS = YES;
				INSTALL_PATH = "$(SYSTEM_LIBRARY_DIR)/Extensions";
				"MACOSX_DEPLOYMENT_TARGET[arch=x86_64]" = 10.6;
				MODULE_NAME = org.catacombae.iokit.IOLVMPartitionScheme;
				MODULE_START = IOLVMPartitionScheme_start;
				MODULE_STOP = IOLVMPartitionScheme_stop;
				MODULE_VERSION = 1.0.0d1;
				PRODUCT_NAME = IOLVMPartitionScheme;
				"SDKROOT[arch=x86_64]" = macosx10.6;
				WRAPPER_EXTENSION = kext;
			};
			name = Debug_64;
		};
		03272464151CE341004C9F99 /* Debug_64 */ = {
			isa = XCBuildConfiguration;
			buildSettings = {
				ALWAYS_SEARCH_USER_PATHS = NO;
				ARCHS = (
					i386,
					x86_64,
					ppc,
					ppc64,
				);
				COPY_PHASE_STRIP = NO;
				GCC_DYNAMIC_NO_PIC = NO;
				GCC_ENABLE_FIX_AND_CONTINUE = YES;
				GCC_MODEL_TUNING = G5;
				GCC_OPTIMIZATION_LEVEL = 0;
				INSTALL_PATH = /usr/local/bin;
				PREBINDING = NO;
				PRODUCT_NAME = LVMTest;
			};
			name = Debug_64;
		};
		03272465151CE356004C9F99 /* Release_64 */ = {
			isa = XCBuildConfiguration;
			buildSettings = {
				ARCHS = (
					i386,
					ppc,
				);
				GCC_C_LANGUAGE_STANDARD = gnu99;
				GCC_VERSION = 4.2;
				GCC_WARN_64_TO_32_BIT_CONVERSION = YES;
				GCC_WARN_ABOUT_MISSING_NEWLINE = YES;
				GCC_WARN_ABOUT_MISSING_PROTOTYPES = YES;
				GCC_WARN_ABOUT_RETURN_TYPE = YES;
				GCC_WARN_CHECK_SWITCH_STATEMENTS = YES;
				GCC_WARN_INITIALIZER_NOT_FULLY_BRACKETED = YES;
				GCC_WARN_MISSING_PARENTHESES = YES;
				GCC_WARN_SHADOW = YES;
				GCC_WARN_SIGN_COMPARE = YES;
				GCC_WARN_TYPECHECK_CALLS_TO_PRINTF = YES;
				GCC_WARN_UNUSED_FUNCTION = YES;
				GCC_WARN_UNUSED_LABEL = YES;
				GCC_WARN_UNUSED_PARAMETER = YES;
				GCC_WARN_UNUSED_VALUE = YES;
				GCC_WARN_UNUSED_VARIABLE = YES;
				ONLY_ACTIVE_ARCH = NO;
				PREBINDING = NO;
				SDKROOT = macosx10.5;
			};
			name = Release_64;
		};
		03272466151CE356004C9F99 /* Release_64 */ = {
			isa = XCBuildConfiguration;
			buildSettings = {
				ALWAYS_SEARCH_USER_PATHS = NO;
				CURRENT_PROJECT_VERSION = 1.0.0d1;
				DEBUG_INFORMATION_FORMAT = "dwarf-with-dsym";
				GCC_MODEL_TUNING = G5;
				"GCC_VERSION[arch=x86_64]" = 4.2;
				INFOPLIST_FILE = Info.plist;
				INFOPLIST_PREPROCESS = YES;
				INSTALL_PATH = "$(SYSTEM_LIBRARY_DIR)/Extensions";
				"MACOSX_DEPLOYMENT_TARGET[arch=x86_64]" = 10.6;
				MODULE_NAME = org.catacombae.iokit.IOLVMPartitionScheme;
				MODULE_START = IOLVMPartitionScheme_start;
				MODULE_STOP = IOLVMPartitionScheme_stop;
				MODULE_VERSION = 1.0.0d1;
				PRODUCT_NAME = IOLVMPartitionScheme;
				"SDKROOT[arch=x86_64]" = macosx10.6;
				WRAPPER_EXTENSION = kext;
			};
			name = Release_64;
		};
		03272467151CE356004C9F99 /* Release_64 */ = {
			isa = XCBuildConfiguration;
			buildSettings = {
				ALWAYS_SEARCH_USER_PATHS = NO;
				ARCHS = (
					i386,
					x86_64,
					ppc,
					ppc64,
				);
				COPY_PHASE_STRIP = YES;
				DEBUG_INFORMATION_FORMAT = "dwarf-with-dsym";
				GCC_ENABLE_FIX_AND_CONTINUE = NO;
				GCC_MODEL_TUNING = G5;
				INSTALL_PATH = /usr/local/bin;
				PREBINDING = NO;
				PRODUCT_NAME = LVMTest;
				ZERO_LINK = NO;
			};
			name = Release_64;
		};
		03735EB1152D59D30074BEE6 /* Debug */ = {
			isa = XCBuildConfiguration;
			buildSettings = {
				COPY_PHASE_STRIP = NO;
				GCC_DYNAMIC_NO_PIC = NO;
				GCC_OPTIMIZATION_LEVEL = 0;
				PRODUCT_NAME = All;
			};
			name = Debug;
		};
		03735EB2152D59D30074BEE6 /* Debug_64 */ = {
			isa = XCBuildConfiguration;
			buildSettings = {
				PRODUCT_NAME = All;
			};
			name = Debug_64;
		};
		03735EB3152D59D30074BEE6 /* Release */ = {
			isa = XCBuildConfiguration;
			buildSettings = {
				COPY_PHASE_STRIP = YES;
				DEBUG_INFORMATION_FORMAT = "dwarf-with-dsym";
				GCC_ENABLE_FIX_AND_CONTINUE = NO;
				PRODUCT_NAME = All;
				ZERO_LINK = NO;
			};
			name = Release;
		};
		03735EB4152D59D30074BEE6 /* Release_64 */ = {
			isa = XCBuildConfiguration;
			buildSettings = {
				PRODUCT_NAME = All;
			};
			name = Release_64;
		};
		0373F7461519B51A00713D63 /* Debug */ = {
			isa = XCBuildConfiguration;
			buildSettings = {
				ALWAYS_SEARCH_USER_PATHS = NO;
				ARCHS = (
					i386,
					x86_64,
					ppc,
					ppc64,
				);
				COPY_PHASE_STRIP = NO;
				GCC_DYNAMIC_NO_PIC = NO;
				GCC_ENABLE_FIX_AND_CONTINUE = YES;
				GCC_MODEL_TUNING = G5;
				GCC_OPTIMIZATION_LEVEL = 0;
				INSTALL_PATH = /usr/local/bin;
				PREBINDING = NO;
				PRODUCT_NAME = LVMTest;
			};
			name = Debug;
		};
		0373F7471519B51A00713D63 /* Release */ = {
			isa = XCBuildConfiguration;
			buildSettings = {
				ALWAYS_SEARCH_USER_PATHS = NO;
				ARCHS = (
					i386,
					x86_64,
					ppc,
					ppc64,
				);
				COPY_PHASE_STRIP = YES;
				DEBUG_INFORMATION_FORMAT = "dwarf-with-dsym";
				GCC_ENABLE_FIX_AND_CONTINUE = NO;
				GCC_MODEL_TUNING = G5;
				INSTALL_PATH = /usr/local/bin;
				PREBINDING = NO;
				PRODUCT_NAME = LVMTest;
				ZERO_LINK = NO;
			};
			name = Release;
		};
		1DEB91DA08733DB10010E9CD /* Debug */ = {
			isa = XCBuildConfiguration;
			buildSettings = {
				ALWAYS_SEARCH_USER_PATHS = NO;
				COPY_PHASE_STRIP = NO;
				CURRENT_PROJECT_VERSION = 1.0.0d1;
				GCC_DYNAMIC_NO_PIC = NO;
				GCC_MODEL_TUNING = G5;
				GCC_OPTIMIZATION_LEVEL = 0;
				INFOPLIST_FILE = Info.plist;
				INFOPLIST_PREPROCESS = YES;
				INSTALL_PATH = "$(SYSTEM_LIBRARY_DIR)/Extensions";
				MODULE_NAME = org.catacombae.iokit.IOLVMPartitionScheme;
				MODULE_START = IOLVMPartitionScheme_start;
				MODULE_STOP = IOLVMPartitionScheme_stop;
				MODULE_VERSION = 1.0.0d1;
				PRODUCT_NAME = IOLVMPartitionScheme;
				WRAPPER_EXTENSION = kext;
			};
			name = Debug;
		};
		1DEB91DB08733DB10010E9CD /* Release */ = {
			isa = XCBuildConfiguration;
			buildSettings = {
				ALWAYS_SEARCH_USER_PATHS = NO;
				CURRENT_PROJECT_VERSION = 1.0.0d1;
				DEBUG_INFORMATION_FORMAT = "dwarf-with-dsym";
				GCC_MODEL_TUNING = G5;
				INFOPLIST_FILE = Info.plist;
				INFOPLIST_PREPROCESS = YES;
				INSTALL_PATH = "$(SYSTEM_LIBRARY_DIR)/Extensions";
				MODULE_NAME = org.catacombae.iokit.IOLVMPartitionScheme;
				MODULE_START = IOLVMPartitionScheme_start;
				MODULE_STOP = IOLVMPartitionScheme_stop;
				MODULE_VERSION = 1.0.0d1;
				PRODUCT_NAME = IOLVMPartitionScheme;
				WRAPPER_EXTENSION = kext;
			};
			name = Release;
		};
		1DEB91DE08733DB10010E9CD /* Debug */ = {
			isa = XCBuildConfiguration;
			buildSettings = {
				ARCHS = (
					i386,
					ppc,
				);
				GCC_C_LANGUAGE_STANDARD = gnu99;
				GCC_OPTIMIZATION_LEVEL = 0;
				GCC_PREPROCESSOR_DEFINITIONS = DEBUG;
				GCC_VERSION = 4.2;
				GCC_WARN_64_TO_32_BIT_CONVERSION = YES;
				GCC_WARN_ABOUT_MISSING_NEWLINE = YES;
				GCC_WARN_ABOUT_MISSING_PROTOTYPES = YES;
				GCC_WARN_ABOUT_RETURN_TYPE = YES;
				GCC_WARN_CHECK_SWITCH_STATEMENTS = YES;
				GCC_WARN_INITIALIZER_NOT_FULLY_BRACKETED = YES;
				GCC_WARN_MISSING_PARENTHESES = YES;
				GCC_WARN_SHADOW = YES;
				GCC_WARN_SIGN_COMPARE = YES;
				GCC_WARN_TYPECHECK_CALLS_TO_PRINTF = YES;
				GCC_WARN_UNUSED_FUNCTION = YES;
				GCC_WARN_UNUSED_LABEL = YES;
				GCC_WARN_UNUSED_PARAMETER = YES;
				GCC_WARN_UNUSED_VALUE = YES;
				GCC_WARN_UNUSED_VARIABLE = YES;
				ONLY_ACTIVE_ARCH = NO;
				PREBINDING = NO;
				SDKROOT = macosx10.5;
			};
			name = Debug;
		};
		1DEB91DF08733DB10010E9CD /* Release */ = {
			isa = XCBuildConfiguration;
			buildSettings = {
				ARCHS = (
					i386,
					ppc,
				);
				GCC_C_LANGUAGE_STANDARD = gnu99;
				GCC_VERSION = 4.2;
				GCC_WARN_64_TO_32_BIT_CONVERSION = YES;
				GCC_WARN_ABOUT_MISSING_NEWLINE = YES;
				GCC_WARN_ABOUT_MISSING_PROTOTYPES = YES;
				GCC_WARN_ABOUT_RETURN_TYPE = YES;
				GCC_WARN_CHECK_SWITCH_STATEMENTS = YES;
				GCC_WARN_INITIALIZER_NOT_FULLY_BRACKETED = YES;
				GCC_WARN_MISSING_PARENTHESES = YES;
				GCC_WARN_SHADOW = YES;
				GCC_WARN_SIGN_COMPARE = YES;
				GCC_WARN_TYPECHECK_CALLS_TO_PRINTF = YES;
				GCC_WARN_UNUSED_FUNCTION = YES;
				GCC_WARN_UNUSED_LABEL = YES;
				GCC_WARN_UNUSED_PARAMETER = YES;
				GCC_WARN_UNUSED_VALUE = YES;
				GCC_WARN_UNUSED_VARIABLE = YES;
				ONLY_ACTIVE_ARCH = NO;
				PREBINDING = NO;
				SDKROOT = macosx10.5;
			};
			name = Release;
		};
/* End XCBuildConfiguration section */

/* Begin XCConfigurationList section */
		03735EC7152D5A1D0074BEE6 /* Build configuration list for PBXAggregateTarget "All" */ = {
			isa = XCConfigurationList;
			buildConfigurations = (
				03735EB1152D59D30074BEE6 /* Debug */,
				03735EB2152D59D30074BEE6 /* Debug_64 */,
				03735EB3152D59D30074BEE6 /* Release */,
				03735EB4152D59D30074BEE6 /* Release_64 */,
			);
			defaultConfigurationIsVisible = 0;
			defaultConfigurationName = Release;
		};
		0373F74B1519B54600713D63 /* Build configuration list for PBXNativeTarget "LVMTest" */ = {
			isa = XCConfigurationList;
			buildConfigurations = (
				0373F7461519B51A00713D63 /* Debug */,
				03272464151CE341004C9F99 /* Debug_64 */,
				0373F7471519B51A00713D63 /* Release */,
				03272467151CE356004C9F99 /* Release_64 */,
			);
			defaultConfigurationIsVisible = 0;
			defaultConfigurationName = Release;
		};
		1DEB91D908733DB10010E9CD /* Build configuration list for PBXNativeTarget "IOLVMPartitionScheme" */ = {
			isa = XCConfigurationList;
			buildConfigurations = (
				1DEB91DA08733DB10010E9CD /* Debug */,
				03272463151CE341004C9F99 /* Debug_64 */,
				1DEB91DB08733DB10010E9CD /* Release */,
				03272466151CE356004C9F99 /* Release_64 */,
			);
			defaultConfigurationIsVisible = 0;
			defaultConfigurationName = Release;
		};
		1DEB91DD08733DB10010E9CD /* Build configuration list for PBXProject "IOLVMPartitionScheme" */ = {
			isa = XCConfigurationList;
			buildConfigurations = (
				1DEB91DE08733DB10010E9CD /* Debug */,
				03272462151CE341004C9F99 /* Debug_64 */,
				1DEB91DF08733DB10010E9CD /* Release */,
				03272465151CE356004C9F99 /* Release_64 */,
			);
			defaultConfigurationIsVisible = 0;
			defaultConfigurationName = Release;
		};
/* End XCConfigurationList section */
	};
	rootObject = 089C1669FE841209C02AAC07 /* Project object */;
}
